
Microsoft Visual Studio Solution File, Format Version 11.00
# Visual Studio 2010
Project("{FAE04EC0-301F-11D3-BF4B-00C04F79EFBC}") = "CalenderDemo", "CalenderDemo\CalenderDemo.csproj", "{EFDAA780-1DFE-4450-87F2-A18E27F29925}"
EndProject
Global
	GlobalSection(SolutionConfigurationPlatforms) = preSolution
		Debug|x86 = Debug|x86
		Release|x86 = Release|x86
	EndGlobalSection
	GlobalSection(ProjectConfigurationPlatforms) = postSolution
		{EFDAA780-1DFE-4450-87F2-A18E27F29925}.Debug|x86.ActiveCfg = Debug|x86
		{EFDAA780-1DFE-4450-87F2-A18E27F29925}.Debug|x86.Build.0 = Debug|x86
		{EFDAA780-1DFE-4450-87F2-A18E27F29925}.Release|x86.ActiveCfg = Release|x86
		{EFDAA780-1DFE-4450-87F2-A18E27F29925}.Release|x86.Build.0 = Release|x86
	EndGlobalSection
	GlobalSection(SolutionProperties) = preSolution
		HideSolutionNode = FALSE
	EndGlobalSection
EndGlobal
