
Microsoft Visual Studio Solution File, Format Version 11.00
# Visual Studio 2010
Project("{FAE04EC0-301F-11D3-BF4B-00C04F79EFBC}") = "ProductLib", "ProductLib\ProductLib.csproj", "{6273DA3A-E088-4C93-BE95-73CEBEBE1F56}"
EndProject
Project("{FAE04EC0-301F-11D3-BF4B-00C04F79EFBC}") = "InventoryMS", "..\InventoryMS\InventoryMS.csproj", "{ECC81FF7-A54C-47E6-AE60-1E4DDA098321}"
EndProject
Project("{FAE04EC0-301F-11D3-BF4B-00C04F79EFBC}") = "FileReadControl", "FileReadControl\FileReadControl.csproj", "{33C1F877-5B8D-4210-B3C6-199EB79AF2CC}"
EndProject
Global
	GlobalSection(SolutionConfigurationPlatforms) = preSolution
		Debug|Any CPU = Debug|Any CPU
		Debug|Mixed Platforms = Debug|Mixed Platforms
		Debug|x86 = Debug|x86
		Release|Any CPU = Release|Any CPU
		Release|Mixed Platforms = Release|Mixed Platforms
		Release|x86 = Release|x86
	EndGlobalSection
	GlobalSection(ProjectConfigurationPlatforms) = postSolution
		{6273DA3A-E088-4C93-BE95-73CEBEBE1F56}.Debug|Any CPU.ActiveCfg = Debug|Any CPU
		{6273DA3A-E088-4C93-BE95-73CEBEBE1F56}.Debug|Any CPU.Build.0 = Debug|Any CPU
		{6273DA3A-E088-4C93-BE95-73CEBEBE1F56}.Debug|Mixed Platforms.ActiveCfg = Debug|Any CPU
		{6273DA3A-E088-4C93-BE95-73CEBEBE1F56}.Debug|Mixed Platforms.Build.0 = Debug|Any CPU
		{6273DA3A-E088-4C93-BE95-73CEBEBE1F56}.Debug|x86.ActiveCfg = Debug|Any CPU
		{6273DA3A-E088-4C93-BE95-73CEBEBE1F56}.Release|Any CPU.ActiveCfg = Release|Any CPU
		{6273DA3A-E088-4C93-BE95-73CEBEBE1F56}.Release|Any CPU.Build.0 = Release|Any CPU
		{6273DA3A-E088-4C93-BE95-73CEBEBE1F56}.Release|Mixed Platforms.ActiveCfg = Release|Any CPU
		{6273DA3A-E088-4C93-BE95-73CEBEBE1F56}.Release|Mixed Platforms.Build.0 = Release|Any CPU
		{6273DA3A-E088-4C93-BE95-73CEBEBE1F56}.Release|x86.ActiveCfg = Release|Any CPU
		{ECC81FF7-A54C-47E6-AE60-1E4DDA098321}.Debug|Any CPU.ActiveCfg = Debug|x86
		{ECC81FF7-A54C-47E6-AE60-1E4DDA098321}.Debug|Mixed Platforms.ActiveCfg = Debug|x86
		{ECC81FF7-A54C-47E6-AE60-1E4DDA098321}.Debug|Mixed Platforms.Build.0 = Debug|x86
		{ECC81FF7-A54C-47E6-AE60-1E4DDA098321}.Debug|x86.ActiveCfg = Debug|x86
		{ECC81FF7-A54C-47E6-AE60-1E4DDA098321}.Debug|x86.Build.0 = Debug|x86
		{ECC81FF7-A54C-47E6-AE60-1E4DDA098321}.Release|Any CPU.ActiveCfg = Release|x86
		{ECC81FF7-A54C-47E6-AE60-1E4DDA098321}.Release|Mixed Platforms.ActiveCfg = Release|x86
		{ECC81FF7-A54C-47E6-AE60-1E4DDA098321}.Release|Mixed Platforms.Build.0 = Release|x86
		{ECC81FF7-A54C-47E6-AE60-1E4DDA098321}.Release|x86.ActiveCfg = Release|x86
		{ECC81FF7-A54C-47E6-AE60-1E4DDA098321}.Release|x86.Build.0 = Release|x86
		{33C1F877-5B8D-4210-B3C6-199EB79AF2CC}.Debug|Any CPU.ActiveCfg = Debug|Any CPU
		{33C1F877-5B8D-4210-B3C6-199EB79AF2CC}.Debug|Any CPU.Build.0 = Debug|Any CPU
		{33C1F877-5B8D-4210-B3C6-199EB79AF2CC}.Debug|Mixed Platforms.ActiveCfg = Debug|Any CPU
		{33C1F877-5B8D-4210-B3C6-199EB79AF2CC}.Debug|Mixed Platforms.Build.0 = Debug|Any CPU
		{33C1F877-5B8D-4210-B3C6-199EB79AF2CC}.Debug|x86.ActiveCfg = Debug|Any CPU
		{33C1F877-5B8D-4210-B3C6-199EB79AF2CC}.Release|Any CPU.ActiveCfg = Release|Any CPU
		{33C1F877-5B8D-4210-B3C6-199EB79AF2CC}.Release|Any CPU.Build.0 = Release|Any CPU
		{33C1F877-5B8D-4210-B3C6-199EB79AF2CC}.Release|Mixed Platforms.ActiveCfg = Release|Any CPU
		{33C1F877-5B8D-4210-B3C6-199EB79AF2CC}.Release|Mixed Platforms.Build.0 = Release|Any CPU
		{33C1F877-5B8D-4210-B3C6-199EB79AF2CC}.Release|x86.ActiveCfg = Release|Any CPU
	EndGlobalSection
	GlobalSection(SolutionProperties) = preSolution
		HideSolutionNode = FALSE
	EndGlobalSection
EndGlobal
