
Microsoft Visual Studio Solution File, Format Version 11.00
# Visual Studio 2010
Project("{FAE04EC0-301F-11D3-BF4B-00C04F79EFBC}") = "XMLParser", "XMLParser\XMLParser.csproj", "{62D72C9A-9352-4E62-A55B-97728B55EE23}"
EndProject
Global
	GlobalSection(SolutionConfigurationPlatforms) = preSolution
		Debug|x86 = Debug|x86
		Release|x86 = Release|x86
	EndGlobalSection
	GlobalSection(ProjectConfigurationPlatforms) = postSolution
		{62D72C9A-9352-4E62-A55B-97728B55EE23}.Debug|x86.ActiveCfg = Debug|x86
		{62D72C9A-9352-4E62-A55B-97728B55EE23}.Debug|x86.Build.0 = Debug|x86
		{62D72C9A-9352-4E62-A55B-97728B55EE23}.Release|x86.ActiveCfg = Release|x86
		{62D72C9A-9352-4E62-A55B-97728B55EE23}.Release|x86.Build.0 = Release|x86
	EndGlobalSection
	GlobalSection(SolutionProperties) = preSolution
		HideSolutionNode = FALSE
	EndGlobalSection
EndGlobal
