
Microsoft Visual Studio Solution File, Format Version 11.00
# Visual Studio 2010
Project("{FAE04EC0-301F-11D3-BF4B-00C04F79EFBC}") = "PreprocessorDirectives", "PreprocessorDirectives\PreprocessorDirectives.csproj", "{EE5E315D-FD30-48E8-A87D-7A45603C02D8}"
EndProject
Global
	GlobalSection(SolutionConfigurationPlatforms) = preSolution
		Debug|x86 = Debug|x86
		Release|x86 = Release|x86
	EndGlobalSection
	GlobalSection(ProjectConfigurationPlatforms) = postSolution
		{EE5E315D-FD30-48E8-A87D-7A45603C02D8}.Debug|x86.ActiveCfg = Debug|x86
		{EE5E315D-FD30-48E8-A87D-7A45603C02D8}.Debug|x86.Build.0 = Debug|x86
		{EE5E315D-FD30-48E8-A87D-7A45603C02D8}.Release|x86.ActiveCfg = Release|x86
		{EE5E315D-FD30-48E8-A87D-7A45603C02D8}.Release|x86.Build.0 = Release|x86
	EndGlobalSection
	GlobalSection(SolutionProperties) = preSolution
		HideSolutionNode = FALSE
	EndGlobalSection
EndGlobal
