
Microsoft Visual Studio Solution File, Format Version 11.00
# Visual Studio 2010
Project("{FAE04EC0-301F-11D3-BF4B-00C04F79EFBC}") = "AcountManagement", "AcountManagement\AcountManagement.csproj", "{2942D19B-4C37-4F32-8B88-7E06673AB31D}"
EndProject
Global
	GlobalSection(SolutionConfigurationPlatforms) = preSolution
		Debug|x86 = Debug|x86
		Release|x86 = Release|x86
	EndGlobalSection
	GlobalSection(ProjectConfigurationPlatforms) = postSolution
		{2942D19B-4C37-4F32-8B88-7E06673AB31D}.Debug|x86.ActiveCfg = Debug|x86
		{2942D19B-4C37-4F32-8B88-7E06673AB31D}.Debug|x86.Build.0 = Debug|x86
		{2942D19B-4C37-4F32-8B88-7E06673AB31D}.Release|x86.ActiveCfg = Release|x86
		{2942D19B-4C37-4F32-8B88-7E06673AB31D}.Release|x86.Build.0 = Release|x86
	EndGlobalSection
	GlobalSection(SolutionProperties) = preSolution
		HideSolutionNode = FALSE
	EndGlobalSection
EndGlobal
